
Microsoft Visual Studio Solution File, Format Version 12.00
# Visual Studio Version 17
VisualStudioVersion = 17.13.35825.156
MinimumVisualStudioVersion = 10.0.40219.1
Project("{FAE04EC0-301F-11D3-BF4B-00C04F79EFBC}") = "Github Repositories Set Standalone Parameter", "Github Repositories Set Standalone Parameter\Github Repositories Set Standalone Parameter.csproj", "{9733ABC2-FAB9-4EFB-B76C-35CEAC8898D7}"
EndProject
Project("{2150E333-8FDC-42A3-9474-1A3956D46DE8}") = "Internal", "Internal", "{02EA681E-C7D8-13C7-8484-4AC65E1B71E8}"
EndProject
Project("{2150E333-8FDC-42A3-9474-1A3956D46DE8}") = "Code Analysis", "Code Analysis", "{B44B982F-8349-4F58-A69F-704E25E71825}"
	ProjectSection(SolutionItems) = preProject
		Internal\Code Analysis\qaction-debug.ruleset = Internal\Code Analysis\qaction-debug.ruleset
		Internal\Code Analysis\qaction-release.ruleset = Internal\Code Analysis\qaction-release.ruleset
		Internal\Code Analysis\stylecop.json = Internal\Code Analysis\stylecop.json
	EndProjectSection
EndProject
Project("{2150E333-8FDC-42A3-9474-1A3956D46DE8}") = "Standalone", "Standalone", "{7747A6E2-4F8A-4CFF-AD59-4661C14B9CF3}"
EndProject
Project("{2150E333-8FDC-42A3-9474-1A3956D46DE8}") = "Sources", "Sources", "{49D6E533-1864-4B34-95BC-F494FABE221A}"
EndProject
Project("{2150E333-8FDC-42A3-9474-1A3956D46DE8}") = "Operators", "Operators", "{48744515-58B8-4905-8A87-95DF3E3FF8F8}"
EndProject
Project("{2150E333-8FDC-42A3-9474-1A3956D46DE8}") = "Shared", "Shared", "{A93AE51B-5011-46D1-AF27-36A8A6EC64B3}"
EndProject
Project("{D954291E-2A0B-460D-934E-DC6B0785DB48}") = "Common", "Common\Common.shproj", "{EC972FC6-2128-4914-AD05-343929E3465A}"
EndProject
Project("{FAE04EC0-301F-11D3-BF4B-00C04F79EFBC}") = "Github Repositories Execute Workflow", "Github Repositories Execute Workflow\Github Repositories Execute Workflow.csproj", "{C5ABAF5C-CF23-49BD-8CEC-E62004370E5C}"
EndProject
Project("{FAE04EC0-301F-11D3-BF4B-00C04F79EFBC}") = "Github Repositories Create Repository", "Github Repositories Create Repository\Github Repositories Create Repository.csproj", "{A9C82A14-E36D-4CAC-B453-8953A0FD7BE5}"
EndProject
Project("{FAE04EC0-301F-11D3-BF4B-00C04F79EFBC}") = "Github Repositories Configuration", "Github Repositories Configuration\Github Repositories Configuration.csproj", "{0F00EBB9-F888-4D2F-8746-DB00408ACF70}"
EndProject
Project("{FAE04EC0-301F-11D3-BF4B-00C04F79EFBC}") = "Github Repositories Add Workflow", "Github Repositories Add Workflow\Github Repositories Add Workflow.csproj", "{49AAA637-9F0E-4E8D-9928-AA49BDCA2884}"
EndProject
Project("{FAE04EC0-301F-11D3-BF4B-00C04F79EFBC}") = "Github Repositories Add Remove Repository", "Github Repositories Add Remove Repository\Github Repositories Add Remove Repository.csproj", "{0A95B5D7-33CD-4AE6-9CF5-26FBA187A271}"
EndProject
Project("{FAE04EC0-301F-11D3-BF4B-00C04F79EFBC}") = "GQI Operator Markdown to HTML", "GQI Operator Markdown to HTML\GQI Operator Markdown to HTML.csproj", "{F98664AB-A64B-45E1-81DF-0433E7B548DB}"
EndProject
Project("{FAE04EC0-301F-11D3-BF4B-00C04F79EFBC}") = "Get Github File Content", "Get Github File Content\Get Github File Content.csproj", "{0E6D2D90-AD15-4229-8235-D85F36A49861}"
EndProject
Project("{FAE04EC0-301F-11D3-BF4B-00C04F79EFBC}") = "Get Github Table", "Get Github Table\Get Github Table.csproj", "{368C65B1-3BD5-4826-A92E-697E3AE0CF20}"
EndProject
Project("{FAE04EC0-301F-11D3-BF4B-00C04F79EFBC}") = "Github Repositories", "Github Repositories\Github Repositories.csproj", "{63ED133F-D245-4986-A17F-36D966563318}"
EndProject
Global
	GlobalSection(SolutionConfigurationPlatforms) = preSolution
		Debug|Any CPU = Debug|Any CPU
		Release|Any CPU = Release|Any CPU
	EndGlobalSection
	GlobalSection(ProjectConfigurationPlatforms) = postSolution
		{9733ABC2-FAB9-4EFB-B76C-35CEAC8898D7}.Debug|Any CPU.ActiveCfg = Debug|Any CPU
		{9733ABC2-FAB9-4EFB-B76C-35CEAC8898D7}.Debug|Any CPU.Build.0 = Debug|Any CPU
		{9733ABC2-FAB9-4EFB-B76C-35CEAC8898D7}.Release|Any CPU.ActiveCfg = Release|Any CPU
		{9733ABC2-FAB9-4EFB-B76C-35CEAC8898D7}.Release|Any CPU.Build.0 = Release|Any CPU
		{C5ABAF5C-CF23-49BD-8CEC-E62004370E5C}.Debug|Any CPU.ActiveCfg = Debug|Any CPU
		{C5ABAF5C-CF23-49BD-8CEC-E62004370E5C}.Debug|Any CPU.Build.0 = Debug|Any CPU
		{C5ABAF5C-CF23-49BD-8CEC-E62004370E5C}.Release|Any CPU.ActiveCfg = Release|Any CPU
		{C5ABAF5C-CF23-49BD-8CEC-E62004370E5C}.Release|Any CPU.Build.0 = Release|Any CPU
		{A9C82A14-E36D-4CAC-B453-8953A0FD7BE5}.Debug|Any CPU.ActiveCfg = Debug|Any CPU
		{A9C82A14-E36D-4CAC-B453-8953A0FD7BE5}.Debug|Any CPU.Build.0 = Debug|Any CPU
		{A9C82A14-E36D-4CAC-B453-8953A0FD7BE5}.Release|Any CPU.ActiveCfg = Release|Any CPU
		{A9C82A14-E36D-4CAC-B453-8953A0FD7BE5}.Release|Any CPU.Build.0 = Release|Any CPU
		{0F00EBB9-F888-4D2F-8746-DB00408ACF70}.Debug|Any CPU.ActiveCfg = Debug|Any CPU
		{0F00EBB9-F888-4D2F-8746-DB00408ACF70}.Debug|Any CPU.Build.0 = Debug|Any CPU
		{0F00EBB9-F888-4D2F-8746-DB00408ACF70}.Release|Any CPU.ActiveCfg = Release|Any CPU
		{0F00EBB9-F888-4D2F-8746-DB00408ACF70}.Release|Any CPU.Build.0 = Release|Any CPU
		{49AAA637-9F0E-4E8D-9928-AA49BDCA2884}.Debug|Any CPU.ActiveCfg = Debug|Any CPU
		{49AAA637-9F0E-4E8D-9928-AA49BDCA2884}.Debug|Any CPU.Build.0 = Debug|Any CPU
		{49AAA637-9F0E-4E8D-9928-AA49BDCA2884}.Release|Any CPU.ActiveCfg = Release|Any CPU
		{49AAA637-9F0E-4E8D-9928-AA49BDCA2884}.Release|Any CPU.Build.0 = Release|Any CPU
		{0A95B5D7-33CD-4AE6-9CF5-26FBA187A271}.Debug|Any CPU.ActiveCfg = Debug|Any CPU
		{0A95B5D7-33CD-4AE6-9CF5-26FBA187A271}.Debug|Any CPU.Build.0 = Debug|Any CPU
		{0A95B5D7-33CD-4AE6-9CF5-26FBA187A271}.Release|Any CPU.ActiveCfg = Release|Any CPU
		{0A95B5D7-33CD-4AE6-9CF5-26FBA187A271}.Release|Any CPU.Build.0 = Release|Any CPU
		{F98664AB-A64B-45E1-81DF-0433E7B548DB}.Debug|Any CPU.ActiveCfg = Debug|Any CPU
		{F98664AB-A64B-45E1-81DF-0433E7B548DB}.Debug|Any CPU.Build.0 = Debug|Any CPU
		{F98664AB-A64B-45E1-81DF-0433E7B548DB}.Release|Any CPU.ActiveCfg = Release|Any CPU
		{F98664AB-A64B-45E1-81DF-0433E7B548DB}.Release|Any CPU.Build.0 = Release|Any CPU
		{0E6D2D90-AD15-4229-8235-D85F36A49861}.Debug|Any CPU.ActiveCfg = Debug|Any CPU
		{0E6D2D90-AD15-4229-8235-D85F36A49861}.Debug|Any CPU.Build.0 = Debug|Any CPU
		{0E6D2D90-AD15-4229-8235-D85F36A49861}.Release|Any CPU.ActiveCfg = Release|Any CPU
		{0E6D2D90-AD15-4229-8235-D85F36A49861}.Release|Any CPU.Build.0 = Release|Any CPU
		{368C65B1-3BD5-4826-A92E-697E3AE0CF20}.Debug|Any CPU.ActiveCfg = Debug|Any CPU
		{368C65B1-3BD5-4826-A92E-697E3AE0CF20}.Debug|Any CPU.Build.0 = Debug|Any CPU
		{368C65B1-3BD5-4826-A92E-697E3AE0CF20}.Release|Any CPU.ActiveCfg = Release|Any CPU
		{368C65B1-3BD5-4826-A92E-697E3AE0CF20}.Release|Any CPU.Build.0 = Release|Any CPU
		{63ED133F-D245-4986-A17F-36D966563318}.Debug|Any CPU.ActiveCfg = Debug|Any CPU
		{63ED133F-D245-4986-A17F-36D966563318}.Debug|Any CPU.Build.0 = Debug|Any CPU
		{63ED133F-D245-4986-A17F-36D966563318}.Release|Any CPU.ActiveCfg = Release|Any CPU
		{63ED133F-D245-4986-A17F-36D966563318}.Release|Any CPU.Build.0 = Release|Any CPU
	EndGlobalSection
	GlobalSection(SolutionProperties) = preSolution
		HideSolutionNode = FALSE
	EndGlobalSection
	GlobalSection(NestedProjects) = preSolution
		{9733ABC2-FAB9-4EFB-B76C-35CEAC8898D7} = {7747A6E2-4F8A-4CFF-AD59-4661C14B9CF3}
		{B44B982F-8349-4F58-A69F-704E25E71825} = {02EA681E-C7D8-13C7-8484-4AC65E1B71E8}
		{EC972FC6-2128-4914-AD05-343929E3465A} = {A93AE51B-5011-46D1-AF27-36A8A6EC64B3}
		{C5ABAF5C-CF23-49BD-8CEC-E62004370E5C} = {7747A6E2-4F8A-4CFF-AD59-4661C14B9CF3}
		{A9C82A14-E36D-4CAC-B453-8953A0FD7BE5} = {7747A6E2-4F8A-4CFF-AD59-4661C14B9CF3}
		{0F00EBB9-F888-4D2F-8746-DB00408ACF70} = {7747A6E2-4F8A-4CFF-AD59-4661C14B9CF3}
		{49AAA637-9F0E-4E8D-9928-AA49BDCA2884} = {7747A6E2-4F8A-4CFF-AD59-4661C14B9CF3}
		{0A95B5D7-33CD-4AE6-9CF5-26FBA187A271} = {7747A6E2-4F8A-4CFF-AD59-4661C14B9CF3}
		{F98664AB-A64B-45E1-81DF-0433E7B548DB} = {48744515-58B8-4905-8A87-95DF3E3FF8F8}
		{0E6D2D90-AD15-4229-8235-D85F36A49861} = {49D6E533-1864-4B34-95BC-F494FABE221A}
		{368C65B1-3BD5-4826-A92E-697E3AE0CF20} = {49D6E533-1864-4B34-95BC-F494FABE221A}
	EndGlobalSection
	GlobalSection(ExtensibilityGlobals) = postSolution
		SolutionGuid = {655F3889-1D87-499B-BA7C-6D682BE2E450}
	EndGlobalSection
	GlobalSection(SharedMSBuildProjectFiles) = preSolution
		Common\Common.projitems*{49aaa637-9f0e-4e8d-9928-aa49bdca2884}*SharedItemsImports = 5
		Common\Common.projitems*{a9c82a14-e36d-4cac-b453-8953a0fd7be5}*SharedItemsImports = 5
		Common\Common.projitems*{c5abaf5c-cf23-49bd-8cec-e62004370e5c}*SharedItemsImports = 5
		Common\Common.projitems*{ec972fc6-2128-4914-ad05-343929e3465a}*SharedItemsImports = 13
	EndGlobalSection
EndGlobal
